{
    "name": "example-gametest",
    "version": "0.0.1",
    "lockfileVersion": 2,
    "requires": true,
    "packages": {
        "": {
            "name": "example-gametest",
            "version": "0.0.1",
            "license": "ISC",
            "dependencies": {
                "@minecraft/server": "2.1.0-beta.1.21.90-stable",
                "@minecraft/server-ui": "2.0.0",
                "mcbe-ipc": "3.0.4"
            }
        },
        "node_modules/@minecraft/common": {
            "version": "1.2.0",
            "resolved": "https://registry.npmjs.org/@minecraft/common/-/common-1.2.0.tgz",
            "integrity": "sha512-JdmEq4P3Z/FtoBzhLijFgMSVFnFRrUoLwY8DHHrgtFo0mfLTOLTB1RErYjLMsA6b7BGVNxkX/pfFRiH7QZ0XwQ==",
            "license": "MIT"
        },
        "node_modules/@minecraft/server": {
            "version": "2.1.0-beta.1.21.90-stable",
            "resolved": "https://registry.npmjs.org/@minecraft/server/-/server-2.1.0-beta.1.21.90-stable.tgz",
            "integrity": "sha512-gh/CAx14MyY6phazjjOUOotp33Xi52ZSa1jZk1ptpAobDSni14bLooLNndOwfvijPp34WcbuNgJeCDg3tOkt3A==",
            "license": "MIT",
            "dependencies": {
                "@minecraft/common": "^1.1.0"
            },
            "peerDependencies": {
                "@minecraft/vanilla-data": ">=1.20.70"
            }
        },
        "node_modules/@minecraft/server-ui": {
            "version": "2.0.0",
            "resolved": "https://registry.npmjs.org/@minecraft/server-ui/-/server-ui-2.0.0.tgz",
            "integrity": "sha512-K1xFK1OEJSNfIgyRElaoxDTW/nbEqjBp1YnUdyPCs4kGDglwoXNyFz3wzMOkvT04CJXSifZGcTJeWda4C6OkXw==",
            "license": "MIT",
            "dependencies": {
                "@minecraft/common": "^1.0.0",
                "@minecraft/server": "^2.0.0"
            }
        },
        "node_modules/@minecraft/server-ui/node_modules/@minecraft/server": {
            "version": "2.0.0",
            "resolved": "https://registry.npmjs.org/@minecraft/server/-/server-2.0.0.tgz",
            "integrity": "sha512-X2LmT82eO0oCjOFaFgg6zoGenAUSyrG+YvIbe7/FSPj9hpMt4BtOIs7axoQUUvMx2NNbq8uEsnQadMMrDDBmUA==",
            "license": "MIT",
            "dependencies": {
                "@minecraft/common": "^1.1.0"
            },
            "peerDependencies": {
                "@minecraft/vanilla-data": ">=1.20.70"
            }
        },
        "node_modules/@minecraft/vanilla-data": {
            "version": "1.21.81",
            "resolved": "https://registry.npmjs.org/@minecraft/vanilla-data/-/vanilla-data-1.21.81.tgz",
            "integrity": "sha512-YODTWnkEiFc9VjKOGOuLXZZQpkLQw9EIsxAoHtBT+K8huDv5nWLheX5hc1Z9OqY/+iFaIT7ueJNfBbXW/WOF1A==",
            "license": "MIT",
            "peer": true
        },
        "node_modules/mcbe-ipc": {
            "version": "3.0.4",
            "resolved": "https://registry.npmjs.org/mcbe-ipc/-/mcbe-ipc-3.0.4.tgz",
            "integrity": "sha512-E/AahEyOrGc8YC2NoBonvwDvhq6gAEnh3/6Hg8KGaXJNArCuiJ/tk9fxKVBkOZHdxodigk4x4ZcDiUZXRIU1HQ==",
            "license": "MIT",
            "dependencies": {
                "@minecraft/server": "^1.13.0"
            }
        },
        "node_modules/mcbe-ipc/node_modules/@minecraft/server": {
            "version": "1.19.0",
            "resolved": "https://registry.npmjs.org/@minecraft/server/-/server-1.19.0.tgz",
            "integrity": "sha512-Nq42tLYRcH8AIxpBq1F9/sXia75Vp7k7SXnV+t+yaFNKHwE7LZIfJ3TSbQ4THWTbf1VjwnbSUfJ0qVb3aTDCug==",
            "license": "MIT",
            "dependencies": {
                "@minecraft/common": "^1.1.0"
            },
            "peerDependencies": {
                "@minecraft/vanilla-data": ">=1.20.70"
            }
        }
    },
    "dependencies": {
        "@minecraft/common": {
            "version": "1.2.0",
            "resolved": "https://registry.npmjs.org/@minecraft/common/-/common-1.2.0.tgz",
            "integrity": "sha512-JdmEq4P3Z/FtoBzhLijFgMSVFnFRrUoLwY8DHHrgtFo0mfLTOLTB1RErYjLMsA6b7BGVNxkX/pfFRiH7QZ0XwQ=="
        },
        "@minecraft/server": {
            "version": "2.1.0-beta.1.21.90-stable",
            "resolved": "https://registry.npmjs.org/@minecraft/server/-/server-2.1.0-beta.1.21.90-stable.tgz",
            "integrity": "sha512-gh/CAx14MyY6phazjjOUOotp33Xi52ZSa1jZk1ptpAobDSni14bLooLNndOwfvijPp34WcbuNgJeCDg3tOkt3A==",
            "requires": {
                "@minecraft/common": "^1.1.0"
            }
        },
        "@minecraft/server-ui": {
            "version": "2.0.0",
            "resolved": "https://registry.npmjs.org/@minecraft/server-ui/-/server-ui-2.0.0.tgz",
            "integrity": "sha512-K1xFK1OEJSNfIgyRElaoxDTW/nbEqjBp1YnUdyPCs4kGDglwoXNyFz3wzMOkvT04CJXSifZGcTJeWda4C6OkXw==",
            "requires": {
                "@minecraft/common": "^1.0.0",
                "@minecraft/server": "^2.0.0"
            },
            "dependencies": {
                "@minecraft/server": {
                    "version": "2.0.0",
                    "resolved": "https://registry.npmjs.org/@minecraft/server/-/server-2.0.0.tgz",
                    "integrity": "sha512-X2LmT82eO0oCjOFaFgg6zoGenAUSyrG+YvIbe7/FSPj9hpMt4BtOIs7axoQUUvMx2NNbq8uEsnQadMMrDDBmUA==",
                    "requires": {
                        "@minecraft/common": "^1.1.0"
                    }
                }
            }
        },
        "@minecraft/vanilla-data": {
            "version": "1.21.81",
            "resolved": "https://registry.npmjs.org/@minecraft/vanilla-data/-/vanilla-data-1.21.81.tgz",
            "integrity": "sha512-YODTWnkEiFc9VjKOGOuLXZZQpkLQw9EIsxAoHtBT+K8huDv5nWLheX5hc1Z9OqY/+iFaIT7ueJNfBbXW/WOF1A==",
            "peer": true
        },
        "mcbe-ipc": {
            "version": "3.0.4",
            "resolved": "https://registry.npmjs.org/mcbe-ipc/-/mcbe-ipc-3.0.4.tgz",
            "integrity": "sha512-E/AahEyOrGc8YC2NoBonvwDvhq6gAEnh3/6Hg8KGaXJNArCuiJ/tk9fxKVBkOZHdxodigk4x4ZcDiUZXRIU1HQ==",
            "requires": {
                "@minecraft/server": "^1.13.0"
            },
            "dependencies": {
                "@minecraft/server": {
                    "version": "1.19.0",
                    "resolved": "https://registry.npmjs.org/@minecraft/server/-/server-1.19.0.tgz",
                    "integrity": "sha512-Nq42tLYRcH8AIxpBq1F9/sXia75Vp7k7SXnV+t+yaFNKHwE7LZIfJ3TSbQ4THWTbf1VjwnbSUfJ0qVb3aTDCug==",
                    "requires": {
                        "@minecraft/common": "^1.1.0"
                    }
                }
            }
        }
    }
}
